// !$*UTF8*$!
{
	archiveVersion = 1;
	classes = {
	};
	objectVersion = 77;
	objects = {

/* Begin PBXBuildFile section */
		E6C905F92E866EF300090553 /* StoreKit.framework in Frameworks */ = {isa = PBXBuildFile; fileRef = E6C905F82E866EF300090553 /* StoreKit.framework */; };
/* End PBXBuildFile section */

/* Begin PBXContainerItemProxy section */
		E699D4492E7535B0003B76B7 /* PBXContainerItemProxy */ = {
			isa = PBXContainerItemProxy;
			containerPortal = E699D42E2E7535AF003B76B7 /* Project object */;
			proxyType = 1;
			remoteGlobalIDString = E699D4352E7535AF003B76B7;
			remoteInfo = BulkMess;
		};
		E699D4532E7535B0003B76B7 /* PBXContainerItemProxy */ = {
			isa = PBXContainerItemProxy;
			containerPortal = E699D42E2E7535AF003B76B7 /* Project object */;
			proxyType = 1;
			remoteGlobalIDString = E699D4352E7535AF003B76B7;
			remoteInfo = BulkMess;
		};
/* End PBXContainerItemProxy section */

/* Begin PBXFileReference section */
		E699D4362E7535AF003B76B7 /* BulkMess.app */ = {isa = PBXFileReference; explicitFileType = wrapper.application; includeInIndex = 0; path = BulkMess.app; sourceTree = BUILT_PRODUCTS_DIR; };
		E699D4482E7535B0003B76B7 /* BulkMessTests.xctest */ = {isa = PBXFileReference; explicitFileType = wrapper.cfbundle; includeInIndex = 0; path = BulkMessTests.xctest; sourceTree = BUILT_PRODUCTS_DIR; };
		E699D4522E7535B0003B76B7 /* BulkMessUITests.xctest */ = {isa = PBXFileReference; explicitFileType = wrapper.cfbundle; includeInIndex = 0; path = BulkMessUITests.xctest; sourceTree = BUILT_PRODUCTS_DIR; };
		E6C905F82E866EF300090553 /* StoreKit.framework */ = {isa = PBXFileReference; lastKnownFileType = wrapper.framework; name = StoreKit.framework; path = System/Library/Frameworks/StoreKit.framework; sourceTree = SDKROOT; };
/* End PBXFileReference section */

/* Begin PBXFileSystemSynchronizedBuildFileExceptionSet section */
		E60E69C72E77C2CE0032A536 /* Exceptions for "BulkMess" folder in "BulkMess" target */ = {
			isa = PBXFileSystemSynchronizedBuildFileExceptionSet;
			membershipExceptions = (
				Info.plist,
			);
			target = E699D4352E7535AF003B76B7 /* BulkMess */;
		};
/* End PBXFileSystemSynchronizedBuildFileExceptionSet section */

/* Begin PBXFileSystemSynchronizedRootGroup section */
		E699D4382E7535AF003B76B7 /* BulkMess */ = {
			isa = PBXFileSystemSynchronizedRootGroup;
			exceptions = (
				E60E69C72E77C2CE0032A536 /* Exceptions for "BulkMess" folder in "BulkMess" target */,
			);
			path = BulkMess;
			sourceTree = "<group>";
		};
		E699D44B2E7535B0003B76B7 /* BulkMessTests */ = {
			isa = PBXFileSystemSynchronizedRootGroup;
			path = BulkMessTests;
			sourceTree = "<group>";
		};
		E699D4552E7535B0003B76B7 /* BulkMessUITests */ = {
			isa = PBXFileSystemSynchronizedRootGroup;
			path = BulkMessUITests;
			sourceTree = "<group>";
		};
/* End PBXFileSystemSynchronizedRootGroup section */

/* Begin PBXFrameworksBuildPhase section */
		E699D4332E7535AF003B76B7 /* Frameworks */ = {
			isa = PBXFrameworksBuildPhase;
			buildActionMask = 2147483647;
			files = (
				E6C905F92E866EF300090553 /* StoreKit.framework in Frameworks */,
			);
			runOnlyForDeploymentPostprocessing = 0;
		};
		E699D4452E7535B0003B76B7 /* Frameworks */ = {
			isa = PBXFrameworksBuildPhase;
			buildActionMask = 2147483647;
			files = (
			);
			runOnlyForDeploymentPostprocessing = 0;
		};
		E699D44F2E7535B0003B76B7 /* Frameworks */ = {
			isa = PBXFrameworksBuildPhase;
			buildActionMask = 2147483647;
			files = (
			);
			runOnlyForDeploymentPostprocessing = 0;
		};
/* End PBXFrameworksBuildPhase section */

/* Begin PBXGroup section */
		E699D42D2E7535AF003B76B7 = {
			isa = PBXGroup;
			children = (
				E699D4382E7535AF003B76B7 /* BulkMess */,
				E699D44B2E7535B0003B76B7 /* BulkMessTests */,
				E699D4552E7535B0003B76B7 /* BulkMessUITests */,
				E6C905F72E866EF300090553 /* Frameworks */,
				E699D4372E7535AF003B76B7 /* Products */,
			);
			sourceTree = "<group>";
		};
		E699D4372E7535AF003B76B7 /* Products */ = {
			isa = PBXGroup;
			children = (
				E699D4362E7535AF003B76B7 /* BulkMess.app */,
				E699D4482E7535B0003B76B7 /* BulkMessTests.xctest */,
				E699D4522E7535B0003B76B7 /* BulkMessUITests.xctest */,
			);
			name = Products;
			sourceTree = "<group>";
		};
		E6C905F72E866EF300090553 /* Frameworks */ = {
			isa = PBXGroup;
			children = (
				E6C905F82E866EF300090553 /* StoreKit.framework */,
			);
			name = Frameworks;
			sourceTree = "<group>";
		};
/* End PBXGroup section */

/* Begin PBXNativeTarget section */
		E699D4352E7535AF003B76B7 /* BulkMess */ = {
			isa = PBXNativeTarget;
			buildConfigurationList = E699D45C2E7535B0003B76B7 /* Build configuration list for PBXNativeTarget "BulkMess" */;
			buildPhases = (
				E699D4322E7535AF003B76B7 /* Sources */,
				E699D4332E7535AF003B76B7 /* Frameworks */,
				E699D4342E7535AF003B76B7 /* Resources */,
			);
			buildRules = (
			);
			dependencies = (
			);
			fileSystemSynchronizedGroups = (
				E699D4382E7535AF003B76B7 /* BulkMess */,
			);
			name = BulkMess;
			packageProductDependencies = (
			);
			productName = BulkMess;
			productReference = E699D4362E7535AF003B76B7 /* BulkMess.app */;
			productType = "com.apple.product-type.application";
		};
		E699D4472E7535B0003B76B7 /* BulkMessTests */ = {
			isa = PBXNativeTarget;
			buildConfigurationList = E699D45F2E7535B0003B76B7 /* Build configuration list for PBXNativeTarget "BulkMessTests" */;
			buildPhases = (
				E699D4442E7535B0003B76B7 /* Sources */,
				E699D4452E7535B0003B76B7 /* Frameworks */,
				E699D4462E7535B0003B76B7 /* Resources */,
			);
			buildRules = (
			);
			dependencies = (
				E699D44A2E7535B0003B76B7 /* PBXTargetDependency */,
			);
			fileSystemSynchronizedGroups = (
				E699D44B2E7535B0003B76B7 /* BulkMessTests */,
			);
			name = BulkMessTests;
			packageProductDependencies = (
			);
			productName = BulkMessTests;
			productReference = E699D4482E7535B0003B76B7 /* BulkMessTests.xctest */;
			productType = "com.apple.product-type.bundle.unit-test";
		};
		E699D4512E7535B0003B76B7 /* BulkMessUITests */ = {
			isa = PBXNativeTarget;
			buildConfigurationList = E699D4622E7535B0003B76B7 /* Build configuration list for PBXNativeTarget "BulkMessUITests" */;
			buildPhases = (
				E699D44E2E7535B0003B76B7 /* Sources */,
				E699D44F2E7535B0003B76B7 /* Frameworks */,
				E699D4502E7535B0003B76B7 /* Resources */,
			);
			buildRules = (
			);
			dependencies = (
				E699D4542E7535B0003B76B7 /* PBXTargetDependency */,
			);
			fileSystemSynchronizedGroups = (
				E699D4552E7535B0003B76B7 /* BulkMessUITests */,
			);
			name = BulkMessUITests;
			packageProductDependencies = (
			);
			productName = BulkMessUITests;
			productReference = E699D4522E7535B0003B76B7 /* BulkMessUITests.xctest */;
			productType = "com.apple.product-type.bundle.ui-testing";
		};
/* End PBXNativeTarget section */

/* Begin PBXProject section */
		E699D42E2E7535AF003B76B7 /* Project object */ = {
			isa = PBXProject;
			attributes = {
				BuildIndependentTargetsInParallel = 1;
				LastSwiftUpdateCheck = 1640;
				LastUpgradeCheck = 2600;
				TargetAttributes = {
					E699D4352E7535AF003B76B7 = {
						CreatedOnToolsVersion = 16.4;
						SystemCapabilities = {
							com.apple.InAppPurchase = {
								enabled = 1;
							};
						};
					};
					E699D4472E7535B0003B76B7 = {
						CreatedOnToolsVersion = 16.4;
						TestTargetID = E699D4352E7535AF003B76B7;
					};
					E699D4512E7535B0003B76B7 = {
						CreatedOnToolsVersion = 16.4;
						TestTargetID = E699D4352E7535AF003B76B7;
					};
				};
			};
			buildConfigurationList = E699D4312E7535AF003B76B7 /* Build configuration list for PBXProject "BulkMess" */;
			developmentRegion = en;
			hasScannedForEncodings = 0;
			knownRegions = (
				en,
				Base,
			);
			mainGroup = E699D42D2E7535AF003B76B7;
			minimizedProjectReferenceProxies = 1;
			preferredProjectObjectVersion = 77;
			productRefGroup = E699D4372E7535AF003B76B7 /* Products */;
			projectDirPath = "";
			projectRoot = "";
			targets = (
				E699D4352E7535AF003B76B7 /* BulkMess */,
				E699D4472E7535B0003B76B7 /* BulkMessTests */,
				E699D4512E7535B0003B76B7 /* BulkMessUITests */,
			);
		};
/* End PBXProject section */

/* Begin PBXResourcesBuildPhase section */
		E699D4342E7535AF003B76B7 /* Resources */ = {
			isa = PBXResourcesBuildPhase;
			buildActionMask = 2147483647;
			files = (
			);
			runOnlyForDeploymentPostprocessing = 0;
		};
		E699D4462E7535B0003B76B7 /* Resources */ = {
			isa = PBXResourcesBuildPhase;
			buildActionMask = 2147483647;
			files = (
			);
			runOnlyForDeploymentPostprocessing = 0;
		};
		E699D4502E7535B0003B76B7 /* Resources */ = {
			isa = PBXResourcesBuildPhase;
			buildActionMask = 2147483647;
			files = (
			);
			runOnlyForDeploymentPostprocessing = 0;
		};
/* End PBXResourcesBuildPhase section */

/* Begin PBXSourcesBuildPhase section */
		E699D4322E7535AF003B76B7 /* Sources */ = {
			isa = PBXSourcesBuildPhase;
			buildActionMask = 2147483647;
			files = (
			);
			runOnlyForDeploymentPostprocessing = 0;
		};
		E699D4442E7535B0003B76B7 /* Sources */ = {
			isa = PBXSourcesBuildPhase;
			buildActionMask = 2147483647;
			files = (
			);
			runOnlyForDeploymentPostprocessing = 0;
		};
		E699D44E2E7535B0003B76B7 /* Sources */ = {
			isa = PBXSourcesBuildPhase;
			buildActionMask = 2147483647;
			files = (
			);
			runOnlyForDeploymentPostprocessing = 0;
		};
/* End PBXSourcesBuildPhase section */

/* Begin PBXTargetDependency section */
		E699D44A2E7535B0003B76B7 /* PBXTargetDependency */ = {
			isa = PBXTargetDependency;
			target = E699D4352E7535AF003B76B7 /* BulkMess */;
			targetProxy = E699D4492E7535B0003B76B7 /* PBXContainerItemProxy */;
		};
		E699D4542E7535B0003B76B7 /* PBXTargetDependency */ = {
			isa = PBXTargetDependency;
			target = E699D4352E7535AF003B76B7 /* BulkMess */;
			targetProxy = E699D4532E7535B0003B76B7 /* PBXContainerItemProxy */;
		};
/* End PBXTargetDependency section */

/* Begin XCBuildConfiguration section */
		E699D45A2E7535B0003B76B7 /* Debug */ = {
			isa = XCBuildConfiguration;
			buildSettings = {
				ALWAYS_SEARCH_USER_PATHS = NO;
				ASSETCATALOG_COMPILER_GENERATE_SWIFT_ASSET_SYMBOL_EXTENSIONS = YES;
				CLANG_ANALYZER_NONNULL = YES;
				CLANG_ANALYZER_NUMBER_OBJECT_CONVERSION = YES_AGGRESSIVE;
				CLANG_CXX_LANGUAGE_STANDARD = "gnu++20";
				CLANG_ENABLE_MODULES = YES;
				CLANG_ENABLE_OBJC_ARC = YES;
				CLANG_ENABLE_OBJC_WEAK = YES;
				CLANG_WARN_BLOCK_CAPTURE_AUTORELEASING = YES;
				CLANG_WARN_BOOL_CONVERSION = YES;
				CLANG_WARN_COMMA = YES;
				CLANG_WARN_CONSTANT_CONVERSION = YES;
				CLANG_WARN_DEPRECATED_OBJC_IMPLEMENTATIONS = YES;
				CLANG_WARN_DIRECT_OBJC_ISA_USAGE = YES_ERROR;
				CLANG_WARN_DOCUMENTATION_COMMENTS = YES;
				CLANG_WARN_EMPTY_BODY = YES;
				CLANG_WARN_ENUM_CONVERSION = YES;
				CLANG_WARN_INFINITE_RECURSION = YES;
				CLANG_WARN_INT_CONVERSION = YES;
				CLANG_WARN_NON_LITERAL_NULL_CONVERSION = YES;
				CLANG_WARN_OBJC_IMPLICIT_RETAIN_SELF = YES;
				CLANG_WARN_OBJC_LITERAL_CONVERSION = YES;
				CLANG_WARN_OBJC_ROOT_CLASS = YES_ERROR;
				CLANG_WARN_QUOTED_INCLUDE_IN_FRAMEWORK_HEADER = YES;
				CLANG_WARN_RANGE_LOOP_ANALYSIS = YES;
				CLANG_WARN_STRICT_PROTOTYPES = YES;
				CLANG_WARN_SUSPICIOUS_MOVE = YES;
				CLANG_WARN_UNGUARDED_AVAILABILITY = YES_AGGRESSIVE;
				CLANG_WARN_UNREACHABLE_CODE = YES;
				CLANG_WARN__DUPLICATE_METHOD_MATCH = YES;
				COPY_PHASE_STRIP = NO;
				DEBUG_INFORMATION_FORMAT = dwarf;
				DEVELOPMENT_TEAM = RF247ARQB7;
				ENABLE_STRICT_OBJC_MSGSEND = YES;
				ENABLE_TESTABILITY = YES;
				ENABLE_USER_SCRIPT_SANDBOXING = YES;
				GCC_C_LANGUAGE_STANDARD = gnu17;
				GCC_DYNAMIC_NO_PIC = NO;
				GCC_NO_COMMON_BLOCKS = YES;
				GCC_OPTIMIZATION_LEVEL = 0;
				GCC_PREPROCESSOR_DEFINITIONS = (
					"DEBUG=1",
					"$(inherited)",
				);
				GCC_WARN_64_TO_32_BIT_CONVERSION = YES;
				GCC_WARN_ABOUT_RETURN_TYPE = YES_ERROR;
				GCC_WARN_UNDECLARED_SELECTOR = YES;
				GCC_WARN_UNINITIALIZED_AUTOS = YES_AGGRESSIVE;
				GCC_WARN_UNUSED_FUNCTION = YES;
				GCC_WARN_UNUSED_VARIABLE = YES;
				IPHONEOS_DEPLOYMENT_TARGET = 18.5;
				LOCALIZATION_PREFERS_STRING_CATALOGS = YES;
				MTL_ENABLE_DEBUG_INFO = INCLUDE_SOURCE;
				MTL_FAST_MATH = YES;
				ONLY_ACTIVE_ARCH = YES;
				SDKROOT = iphoneos;
				STRING_CATALOG_GENERATE_SYMBOLS = YES;
				SWIFT_ACTIVE_COMPILATION_CONDITIONS = "DEBUG $(inherited)";
				SWIFT_OPTIMIZATION_LEVEL = "-Onone";
			};
			name = Debug;
		};
		E699D45B2E7535B0003B76B7 /* Release */ = {
			isa = XCBuildConfiguration;
			buildSettings = {
				ALWAYS_SEARCH_USER_PATHS = NO;
				ASSETCATALOG_COMPILER_GENERATE_SWIFT_ASSET_SYMBOL_EXTENSIONS = YES;
				CLANG_ANALYZER_NONNULL = YES;
				CLANG_ANALYZER_NUMBER_OBJECT_CONVERSION = YES_AGGRESSIVE;
				CLANG_CXX_LANGUAGE_STANDARD = "gnu++20";
				CLANG_ENABLE_MODULES = YES;
				CLANG_ENABLE_OBJC_ARC = YES;
				CLANG_ENABLE_OBJC_WEAK = YES;
				CLANG_WARN_BLOCK_CAPTURE_AUTORELEASING = YES;
				CLANG_WARN_BOOL_CONVERSION = YES;
				CLANG_WARN_COMMA = YES;
				CLANG_WARN_CONSTANT_CONVERSION = YES;
				CLANG_WARN_DEPRECATED_OBJC_IMPLEMENTATIONS = YES;
				CLANG_WARN_DIRECT_OBJC_ISA_USAGE = YES_ERROR;
				CLANG_WARN_DOCUMENTATION_COMMENTS = YES;
				CLANG_WARN_EMPTY_BODY = YES;
				CLANG_WARN_ENUM_CONVERSION = YES;
				CLANG_WARN_INFINITE_RECURSION = YES;
				CLANG_WARN_INT_CONVERSION = YES;
				CLANG_WARN_NON_LITERAL_NULL_CONVERSION = YES;
				CLANG_WARN_OBJC_IMPLICIT_RETAIN_SELF = YES;
				CLANG_WARN_OBJC_LITERAL_CONVERSION = YES;
				CLANG_WARN_OBJC_ROOT_CLASS = YES_ERROR;
				CLANG_WARN_QUOTED_INCLUDE_IN_FRAMEWORK_HEADER = YES;
				CLANG_WARN_RANGE_LOOP_ANALYSIS = YES;
				CLANG_WARN_STRICT_PROTOTYPES = YES;
				CLANG_WARN_SUSPICIOUS_MOVE = YES;
				CLANG_WARN_UNGUARDED_AVAILABILITY = YES_AGGRESSIVE;
				CLANG_WARN_UNREACHABLE_CODE = YES;
				CLANG_WARN__DUPLICATE_METHOD_MATCH = YES;
				COPY_PHASE_STRIP = NO;
				DEBUG_INFORMATION_FORMAT = "dwarf-with-dsym";
				DEVELOPMENT_TEAM = RF247ARQB7;
				ENABLE_NS_ASSERTIONS = NO;
				ENABLE_STRICT_OBJC_MSGSEND = YES;
				ENABLE_USER_SCRIPT_SANDBOXING = YES;
				GCC_C_LANGUAGE_STANDARD = gnu17;
				GCC_NO_COMMON_BLOCKS = YES;
				GCC_WARN_64_TO_32_BIT_CONVERSION = YES;
				GCC_WARN_ABOUT_RETURN_TYPE = YES_ERROR;
				GCC_WARN_UNDECLARED_SELECTOR = YES;
				GCC_WARN_UNINITIALIZED_AUTOS = YES_AGGRESSIVE;
				GCC_WARN_UNUSED_FUNCTION = YES;
				GCC_WARN_UNUSED_VARIABLE = YES;
				IPHONEOS_DEPLOYMENT_TARGET = 18.5;
				LOCALIZATION_PREFERS_STRING_CATALOGS = YES;
				MTL_ENABLE_DEBUG_INFO = NO;
				MTL_FAST_MATH = YES;
				SDKROOT = iphoneos;
				STRING_CATALOG_GENERATE_SYMBOLS = YES;
				SWIFT_COMPILATION_MODE = wholemodule;
				VALIDATE_PRODUCT = YES;
			};
			name = Release;
		};
		E699D45D2E7535B0003B76B7 /* Debug */ = {
			isa = XCBuildConfiguration;
			buildSettings = {
				ASSETCATALOG_COMPILER_APPICON_NAME = AppIcon;
				ASSETCATALOG_COMPILER_GLOBAL_ACCENT_COLOR_NAME = AccentColor;
				CODE_SIGN_STYLE = Automatic;
				CURRENT_PROJECT_VERSION = 2;
				DEVELOPMENT_TEAM = RF247ARQB7;
				ENABLE_PREVIEWS = YES;
				GENERATE_INFOPLIST_FILE = YES;
				INFOPLIST_FILE = BulkMess/Info.plist;
				LD_RUNPATH_SEARCH_PATHS = (
					"$(inherited)",
					"@executable_path/Frameworks",
				);
				MARKETING_VERSION = 1.1;
				PRODUCT_BUNDLE_IDENTIFIER = dan1sland.BulkMess;
				PRODUCT_NAME = "$(TARGET_NAME)";
				SUPPORTED_PLATFORMS = "iphoneos iphonesimulator";
				SUPPORTS_MACCATALYST = NO;
				SUPPORTS_MAC_DESIGNED_FOR_IPHONE_IPAD = NO;
				SUPPORTS_XR_DESIGNED_FOR_IPHONE_IPAD = NO;
				SWIFT_EMIT_LOC_STRINGS = YES;
				SWIFT_VERSION = 5.0;
				TARGETED_DEVICE_FAMILY = 1;
			};
			name = Debug;
		};
		E699D45E2E7535B0003B76B7 /* Release */ = {
			isa = XCBuildConfiguration;
			buildSettings = {
				ASSETCATALOG_COMPILER_APPICON_NAME = AppIcon;
				ASSETCATALOG_COMPILER_GLOBAL_ACCENT_COLOR_NAME = AccentColor;
				CODE_SIGN_STYLE = Automatic;
				CURRENT_PROJECT_VERSION = 2;
				DEVELOPMENT_TEAM = RF247ARQB7;
				ENABLE_PREVIEWS = YES;
				GENERATE_INFOPLIST_FILE = YES;
				INFOPLIST_FILE = BulkMess/Info.plist;
				LD_RUNPATH_SEARCH_PATHS = (
					"$(inherited)",
					"@executable_path/Frameworks",
				);
				MARKETING_VERSION = 1.1;
				PRODUCT_BUNDLE_IDENTIFIER = dan1sland.BulkMess;
				PRODUCT_NAME = "$(TARGET_NAME)";
				SUPPORTED_PLATFORMS = "iphoneos iphonesimulator";
				SUPPORTS_MACCATALYST = NO;
				SUPPORTS_MAC_DESIGNED_FOR_IPHONE_IPAD = NO;
				SUPPORTS_XR_DESIGNED_FOR_IPHONE_IPAD = NO;
				SWIFT_EMIT_LOC_STRINGS = YES;
				SWIFT_VERSION = 5.0;
				TARGETED_DEVICE_FAMILY = 1;
			};
			name = Release;
		};
		E699D4602E7535B0003B76B7 /* Debug */ = {
			isa = XCBuildConfiguration;
			buildSettings = {
				BUNDLE_LOADER = "$(TEST_HOST)";
				CODE_SIGN_STYLE = Automatic;
				CURRENT_PROJECT_VERSION = 2;
				DEVELOPMENT_TEAM = RF247ARQB7;
				GENERATE_INFOPLIST_FILE = YES;
				IPHONEOS_DEPLOYMENT_TARGET = 18.5;
				MARKETING_VERSION = 1.1;
				PRODUCT_BUNDLE_IDENTIFIER = dan1sland.BulkMessTests;
				PRODUCT_NAME = "$(TARGET_NAME)";
				SWIFT_EMIT_LOC_STRINGS = NO;
				SWIFT_VERSION = 5.0;
				TARGETED_DEVICE_FAMILY = 1;
				TEST_HOST = "$(BUILT_PRODUCTS_DIR)/BulkMess.app/$(BUNDLE_EXECUTABLE_FOLDER_PATH)/BulkMess";
			};
			name = Debug;
		};
		E699D4612E7535B0003B76B7 /* Release */ = {
			isa = XCBuildConfiguration;
			buildSettings = {
				BUNDLE_LOADER = "$(TEST_HOST)";
				CODE_SIGN_STYLE = Automatic;
				CURRENT_PROJECT_VERSION = 2;
				DEVELOPMENT_TEAM = RF247ARQB7;
				GENERATE_INFOPLIST_FILE = YES;
				IPHONEOS_DEPLOYMENT_TARGET = 18.5;
				MARKETING_VERSION = 1.1;
				PRODUCT_BUNDLE_IDENTIFIER = dan1sland.BulkMessTests;
				PRODUCT_NAME = "$(TARGET_NAME)";
				SWIFT_EMIT_LOC_STRINGS = NO;
				SWIFT_VERSION = 5.0;
				TARGETED_DEVICE_FAMILY = 1;
				TEST_HOST = "$(BUILT_PRODUCTS_DIR)/BulkMess.app/$(BUNDLE_EXECUTABLE_FOLDER_PATH)/BulkMess";
			};
			name = Release;
		};
		E699D4632E7535B0003B76B7 /* Debug */ = {
			isa = XCBuildConfiguration;
			buildSettings = {
				CODE_SIGN_STYLE = Automatic;
				CURRENT_PROJECT_VERSION = 2;
				DEVELOPMENT_TEAM = RF247ARQB7;
				GENERATE_INFOPLIST_FILE = YES;
				MARKETING_VERSION = 1.1;
				PRODUCT_BUNDLE_IDENTIFIER = dan1sland.BulkMessUITests;
				PRODUCT_NAME = "$(TARGET_NAME)";
				SWIFT_EMIT_LOC_STRINGS = NO;
				SWIFT_VERSION = 5.0;
				TARGETED_DEVICE_FAMILY = 1;
				TEST_TARGET_NAME = BulkMess;
			};
			name = Debug;
		};
		E699D4642E7535B0003B76B7 /* Release */ = {
			isa = XCBuildConfiguration;
			buildSettings = {
				CODE_SIGN_STYLE = Automatic;
				CURRENT_PROJECT_VERSION = 2;
				DEVELOPMENT_TEAM = RF247ARQB7;
				GENERATE_INFOPLIST_FILE = YES;
				MARKETING_VERSION = 1.1;
				PRODUCT_BUNDLE_IDENTIFIER = dan1sland.BulkMessUITests;
				PRODUCT_NAME = "$(TARGET_NAME)";
				SWIFT_EMIT_LOC_STRINGS = NO;
				SWIFT_VERSION = 5.0;
				TARGETED_DEVICE_FAMILY = 1;
				TEST_TARGET_NAME = BulkMess;
			};
			name = Release;
		};
/* End XCBuildConfiguration section */

/* Begin XCConfigurationList section */
		E699D4312E7535AF003B76B7 /* Build configuration list for PBXProject "BulkMess" */ = {
			isa = XCConfigurationList;
			buildConfigurations = (
				E699D45A2E7535B0003B76B7 /* Debug */,
				E699D45B2E7535B0003B76B7 /* Release */,
			);
			defaultConfigurationIsVisible = 0;
			defaultConfigurationName = Release;
		};
		E699D45C2E7535B0003B76B7 /* Build configuration list for PBXNativeTarget "BulkMess" */ = {
			isa = XCConfigurationList;
			buildConfigurations = (
				E699D45D2E7535B0003B76B7 /* Debug */,
				E699D45E2E7535B0003B76B7 /* Release */,
			);
			defaultConfigurationIsVisible = 0;
			defaultConfigurationName = Release;
		};
		E699D45F2E7535B0003B76B7 /* Build configuration list for PBXNativeTarget "BulkMessTests" */ = {
			isa = XCConfigurationList;
			buildConfigurations = (
				E699D4602E7535B0003B76B7 /* Debug */,
				E699D4612E7535B0003B76B7 /* Release */,
			);
			defaultConfigurationIsVisible = 0;
			defaultConfigurationName = Release;
		};
		E699D4622E7535B0003B76B7 /* Build configuration list for PBXNativeTarget "BulkMessUITests" */ = {
			isa = XCConfigurationList;
			buildConfigurations = (
				E699D4632E7535B0003B76B7 /* Debug */,
				E699D4642E7535B0003B76B7 /* Release */,
			);
			defaultConfigurationIsVisible = 0;
			defaultConfigurationName = Release;
		};
/* End XCConfigurationList section */
	};
	rootObject = E699D42E2E7535AF003B76B7 /* Project object */;
}
